{
  "nodes": {
    "ch-flake": {
      "inputs": {
        "flake-parts": "flake-parts",
        "nixpkgs-lib": "nixpkgs-lib"
      },
      "locked": {
        "lastModified": 1788124800,
        "narHash": "sha256-V7mIz+1X8rH+0xawRpHPhRUcMWY3cVraPcH62jNhy3s=",
        "owner": "clhodapp",
        "repo": "ch-flake",
        "rev": "f2e80f2cf9a1e75a8cde99eb00c09e05a00bfcd6",
        "type": "github"
      },
      "original": {
        "owner": "clhodapp",
        "repo": "ch-flake",
        "type": "github"
      }
    },
    "ch-flake_2": {
      "inputs": {
        "flake-parts": "flake-parts_2",
        "nixpkgs-lib": "nixpkgs-lib_2"
      },
      "locked": {
        "lastModified": 1788124800,
        "narHash": "sha256-V7mIz+1X8rH+0xawRpHPhRUcMWY3cVraPcH62jNhy3s=",
        "owner": "clhodapp",
        "repo": "ch-flake",
        "rev": "f2e80f2cf9a1e75a8cde99eb00c09e05a00bfcd6",
        "type": "github"
      },
      "original": {
        "owner": "clhodapp",
        "repo": "ch-flake",
        "type": "github"
      }
    },
    "ch-nixpkgs": {
      "inputs": {
        "ch-flake": "ch-flake_2",
        "flake-parts": [
          "ch-nixpkgs",
          "ch-flake",
          "flake-parts"
        ]
      },
      "locked": {
        "lastModified": 1788140120,
        "narHash": "sha256-5L7vYCkHTeo87yKlS5CmTkRwL7P1Lvov1N2ydxWNXVU=",
        "owner": "clhodapp",
        "repo": "ch-nixpkgs",
        "rev": "9841acf3e0f811885c839335d0c7c35f4bfbe246",
        "type": "github"
      },
      "original": {
        "owner": "clhodapp",
        "repo": "ch-nixpkgs",
        "type": "github"
      }
    },
    "flake-parts": {
      "inputs": {
        "nixpkgs-lib": [
          "ch-flake",
          "nixpkgs-lib"
        ]
      },
      "locked": {
        "lastModified": 1787559586,
        "narHash": "sha256-onL0VLf9vPllmT0H/OlURIU5r5t5WIEl7t4tVNKT0Nw=",
        "owner": "hercules-ci",
        "repo": "flake-parts",
        "rev": "9d0d87172c374f89da73c1cfe6d81ae62feac1f1",
        "type": "github"
      },
      "original": {
        "owner": "hercules-ci",
        "repo": "flake-parts",
        "type": "github"
      }
    },
    "flake-parts_2": {
      "inputs": {
        "nixpkgs-lib": [
          "ch-nixpkgs",
          "ch-flake",
          "nixpkgs-lib"
        ]
      },
      "locked": {
        "lastModified": 1787559586,
        "narHash": "sha256-onL0VLf9vPllmT0H/OlURIU5r5t5WIEl7t4tVNKT0Nw=",
        "owner": "hercules-ci",
        "repo": "flake-parts",
        "rev": "9d0d87172c374f89da73c1cfe6d81ae62feac1f1",
        "type": "github"
      },
      "original": {
        "owner": "hercules-ci",
        "repo": "flake-parts",
        "type": "github"
      }
    },
    "nbd": {
      "flake": false,
      "locked": {
        "lastModified": 1788112277,
        "narHash": "sha256-+Xhi1s9KMb+Opx8PeD9MJjQc+Og1Kv8HgsmxVfZaXmc=",
        "owner": "NetworkBlockDevice",
        "repo": "nbd",
        "rev": "acbda27e5fce86c32bd6f1d9ef32e8e243a7e112",
        "type": "github"
      },
      "original": {
        "owner": "NetworkBlockDevice",
        "repo": "nbd",
        "type": "github"
      }
    },
    "nixpkgs": {
      "locked": {
        "lastModified": 1788039129,
        "narHash": "sha256-pa4Q0qErvCvzCaaUph7Sm37RhR4xvPrYI8Lgz6k85+A=",
        "owner": "NixOS",
        "repo": "nixpkgs",
        "rev": "d2f67949798825fe853f7c5d0492b8bf016d3f88",
        "type": "github"
      },
      "original": {
        "owner": "NixOS",
        "ref": "nixos-unstable",
        "repo": "nixpkgs",
        "type": "github"
      }
    },
    "nixpkgs-lib": {
      "locked": {
        "lastModified": 1788039129,
        "narHash": "sha256-pa4Q0qErvCvzCaaUph7Sm37RhR4xvPrYI8Lgz6k85+A=",
        "owner": "NixOS",
        "repo": "nixpkgs",
        "rev": "d2f67949798825fe853f7c5d0492b8bf016d3f88",
        "type": "github"
      },
      "original": {
        "dir": "lib",
        "owner": "NixOS",
        "ref": "nixos-unstable",
        "repo": "nixpkgs",
        "type": "github"
      }
    },
    "nixpkgs-lib_2": {
      "locked": {
        "lastModified": 1788039129,
        "narHash": "sha256-pa4Q0qErvCvzCaaUph7Sm37RhR4xvPrYI8Lgz6k85+A=",
        "owner": "NixOS",
        "repo": "nixpkgs",
        "rev": "d2f67949798825fe853f7c5d0492b8bf016d3f88",
        "type": "github"
      },
      "original": {
        "dir": "lib",
        "owner": "NixOS",
        "ref": "nixos-unstable",
        "repo": "nixpkgs",
        "type": "github"
      }
    },
    "root": {
      "inputs": {
        "ch-flake": "ch-flake",
        "ch-nixpkgs": "ch-nixpkgs",
        "flake-parts": [
          "ch-flake",
          "flake-parts"
        ],
        "nbd": "nbd",
        "nixpkgs": "nixpkgs"
      }
    }
  },
  "root": "root",
  "version": 7
}
