{
  "nodes": {
    "caisson": {
      "locked": {
        "lastModified": 1788424022,
        "narHash": "sha256-O5L156uTgGIjBlD9R4uTl4cGAfTa1SiWZRSZBneF7Lo=",
        "owner": "nix-caisson",
        "repo": "caisson",
        "rev": "7eb1bd6270d2a38c6f7973dae3288841cbece3e4",
        "type": "github"
      },
      "original": {
        "owner": "nix-caisson",
        "repo": "caisson",
        "type": "github"
      }
    },
    "caisson_2": {
      "locked": {
        "lastModified": 1788424022,
        "narHash": "sha256-O5L156uTgGIjBlD9R4uTl4cGAfTa1SiWZRSZBneF7Lo=",
        "owner": "nix-caisson",
        "repo": "caisson",
        "rev": "7eb1bd6270d2a38c6f7973dae3288841cbece3e4",
        "type": "github"
      },
      "original": {
        "owner": "nix-caisson",
        "repo": "caisson",
        "type": "github"
      }
    },
    "ch-nixpkgs": {
      "inputs": {
        "caisson": "caisson_2"
      },
      "locked": {
        "lastModified": 1788766929,
        "narHash": "sha256-jGLbPaU4tVIco7s3jivlk8t8MCURF5fKr7jCMdadni8=",
        "owner": "clhodapp",
        "repo": "ch-nixpkgs",
        "rev": "513153087d559c5931ee218bf635622e5d6b3f7a",
        "type": "github"
      },
      "original": {
        "owner": "clhodapp",
        "repo": "ch-nixpkgs",
        "type": "github"
      }
    },
    "nbd": {
      "flake": false,
      "locked": {
        "lastModified": 1788112277,
        "narHash": "sha256-+Xhi1s9KMb+Opx8PeD9MJjQc+Og1Kv8HgsmxVfZaXmc=",
        "owner": "NetworkBlockDevice",
        "repo": "nbd",
        "rev": "acbda27e5fce86c32bd6f1d9ef32e8e243a7e112",
        "type": "github"
      },
      "original": {
        "owner": "NetworkBlockDevice",
        "repo": "nbd",
        "type": "github"
      }
    },
    "nixpkgs": {
      "locked": {
        "lastModified": 1788039129,
        "narHash": "sha256-pa4Q0qErvCvzCaaUph7Sm37RhR4xvPrYI8Lgz6k85+A=",
        "owner": "NixOS",
        "repo": "nixpkgs",
        "rev": "d2f67949798825fe853f7c5d0492b8bf016d3f88",
        "type": "github"
      },
      "original": {
        "owner": "NixOS",
        "ref": "nixos-unstable",
        "repo": "nixpkgs",
        "type": "github"
      }
    },
    "root": {
      "inputs": {
        "caisson": "caisson",
        "ch-nixpkgs": "ch-nixpkgs",
        "nbd": "nbd",
        "nixpkgs": "nixpkgs"
      }
    }
  },
  "root": "root",
  "version": 7
}
